# This file is autogenerated, do not edit; changes may be undone by the next 'dep ensure'.


[[projects]]
  digest = "1:a089ced0f167570c38970578f61f3b2d27717882b570ca8dcb9aa0c775a05b9e"
  name = "github.com/BenJuan26/hlt"
  packages = [
    ".",
    "gameconfig",
    "input",
    "log",
  ]
  pruneopts = "UT"
  revision = "f209976d15c7d70ae1083036b92517631612e537"

[solve-meta]
  analyzer-name = "dep"
  analyzer-version = 1
  input-imports = [
    "github.com/BenJuan26/hlt",
    "github.com/BenJuan26/hlt/gameconfig",
    "github.com/BenJuan26/hlt/log",
  ]
  solver-name = "gps-cdcl"
  solver-version = 1
