# This file is autogenerated, do not edit; changes may be undone by the next 'dep ensure'.


[[projects]]
  digest = "1:56d556cd15f1190e4d97ac1eb016a4d15572fbbf755accbe5ec689c86917274e"
  name = "github.com/BenJuan26/hlt"
  packages = [
    ".",
    "gameconfig",
    "input",
    "log",
  ]
  pruneopts = "UT"
  revision = "e6df5fec89ec58c6a1ec459e00d406b24f4477ae"

[solve-meta]
  analyzer-name = "dep"
  analyzer-version = 1
  input-imports = [
    "github.com/BenJuan26/hlt",
    "github.com/BenJuan26/hlt/gameconfig",
    "github.com/BenJuan26/hlt/log",
  ]
  solver-name = "gps-cdcl"
  solver-version = 1
