# This file is autogenerated, do not edit; changes may be undone by the next 'dep ensure'.


[[projects]]
  digest = "1:cf523c7108875de38fc3420a73e6328acf0b60639951485715e2bb9eade54a11"
  name = "github.com/BenJuan26/hlt"
  packages = [
    ".",
    "gameconfig",
    "input",
    "log",
  ]
  pruneopts = "UT"
  revision = "270b1fe353ba360200c5ed36f42e5017c18d2abc"

[solve-meta]
  analyzer-name = "dep"
  analyzer-version = 1
  input-imports = [
    "github.com/BenJuan26/hlt",
    "github.com/BenJuan26/hlt/gameconfig",
    "github.com/BenJuan26/hlt/log",
  ]
  solver-name = "gps-cdcl"
  solver-version = 1
